
Microsoft Visual Studio Solution File, Format Version 12.00
# Visual Studio 15
VisualStudioVersion = 15.0.28307.572
MinimumVisualStudioVersion = 10.0.40219.1
Project("{FAE04EC0-301F-11D3-BF4B-00C04F79EFBC}") = "BookStore", "BookStore\BookStore.csproj", "{6CBCA4B1-3EEE-4AC4-86F8-227D233F3A45}"
EndProject
Global
	GlobalSection(SolutionConfigurationPlatforms) = preSolution
		Debug|Any CPU = Debug|Any CPU
		Release|Any CPU = Release|Any CPU
	EndGlobalSection
	GlobalSection(ProjectConfigurationPlatforms) = postSolution
		{6CBCA4B1-3EEE-4AC4-86F8-227D233F3A45}.Debug|Any CPU.ActiveCfg = Debug|Any CPU
		{6CBCA4B1-3EEE-4AC4-86F8-227D233F3A45}.Debug|Any CPU.Build.0 = Debug|Any CPU
		{6CBCA4B1-3EEE-4AC4-86F8-227D233F3A45}.Release|Any CPU.ActiveCfg = Release|Any CPU
		{6CBCA4B1-3EEE-4AC4-86F8-227D233F3A45}.Release|Any CPU.Build.0 = Release|Any CPU
	EndGlobalSection
	GlobalSection(SolutionProperties) = preSolution
		HideSolutionNode = FALSE
	EndGlobalSection
	GlobalSection(ExtensibilityGlobals) = postSolution
		SolutionGuid = {8C1130FB-1E39-44EA-B826-5EB987B4EE3D}
	EndGlobalSection
EndGlobal
